
Microsoft Visual Studio Solution File, Format Version 12.00
# Visual Studio Version 17
VisualStudioVersion = 17.4.33122.133
MinimumVisualStudioVersion = 10.0.40219.1
Project("{9A19103F-16F7-4668-BE54-9A1E7A4F7556}") = "DataAPI", "DataAPI\DataAPI.csproj", "{563A66FF-2951-4165-AFC9-26D5398BF86C}"
EndProject
Project("{9A19103F-16F7-4668-BE54-9A1E7A4F7556}") = "Symphony", "Symphony\Symphony.csproj", "{EF724119-A9D4-4FDE-9E1A-81DE914C42EE}"
EndProject
Global
	GlobalSection(SolutionConfigurationPlatforms) = preSolution
		Debug|Any CPU = Debug|Any CPU
		Release|Any CPU = Release|Any CPU
	EndGlobalSection
	GlobalSection(ProjectConfigurationPlatforms) = postSolution
		{563A66FF-2951-4165-AFC9-26D5398BF86C}.Debug|Any CPU.ActiveCfg = Debug|Any CPU
		{563A66FF-2951-4165-AFC9-26D5398BF86C}.Debug|Any CPU.Build.0 = Debug|Any CPU
		{563A66FF-2951-4165-AFC9-26D5398BF86C}.Release|Any CPU.ActiveCfg = Release|Any CPU
		{563A66FF-2951-4165-AFC9-26D5398BF86C}.Release|Any CPU.Build.0 = Release|Any CPU
		{EF724119-A9D4-4FDE-9E1A-81DE914C42EE}.Debug|Any CPU.ActiveCfg = Debug|Any CPU
		{EF724119-A9D4-4FDE-9E1A-81DE914C42EE}.Debug|Any CPU.Build.0 = Debug|Any CPU
		{EF724119-A9D4-4FDE-9E1A-81DE914C42EE}.Release|Any CPU.ActiveCfg = Release|Any CPU
		{EF724119-A9D4-4FDE-9E1A-81DE914C42EE}.Release|Any CPU.Build.0 = Release|Any CPU
	EndGlobalSection
	GlobalSection(SolutionProperties) = preSolution
		HideSolutionNode = FALSE
	EndGlobalSection
	GlobalSection(ExtensibilityGlobals) = postSolution
		SolutionGuid = {FAB06A33-8209-47D5-8A23-03B5898D6C48}
	EndGlobalSection
EndGlobal
